
Microsoft Visual Studio Solution File, Format Version 12.00
# Visual Studio Version 16
VisualStudioVersion = 16.0.30523.141
MinimumVisualStudioVersion = 10.0.40219.1
Project("{FAE04EC0-301F-11D3-BF4B-00C04F79EFBC}") = "Lab11", "Lab11.csproj", "{4C8D90FE-6BFC-43B1-AF67-ED156E64AAF5}"
EndProject
Project("{FAE04EC0-301F-11D3-BF4B-00C04F79EFBC}") = "Lab11_Domain1", "..\Lab11_Domain1\Lab11_Domain1.csproj", "{2E43E878-AF2E-485E-A2C5-AF3DA8C9F749}"
EndProject
Project("{FAE04EC0-301F-11D3-BF4B-00C04F79EFBC}") = "Lab11_Domain2", "..\Lab11_Domain2\Lab11_Domain2.csproj", "{679CF78E-0EB4-4BD5-A103-44589E3ACD6C}"
EndProject
Global
	GlobalSection(SolutionConfigurationPlatforms) = preSolution
		Debug|Any CPU = Debug|Any CPU
		Release|Any CPU = Release|Any CPU
	EndGlobalSection
	GlobalSection(ProjectConfigurationPlatforms) = postSolution
		{4C8D90FE-6BFC-43B1-AF67-ED156E64AAF5}.Debug|Any CPU.ActiveCfg = Debug|Any CPU
		{4C8D90FE-6BFC-43B1-AF67-ED156E64AAF5}.Debug|Any CPU.Build.0 = Debug|Any CPU
		{4C8D90FE-6BFC-43B1-AF67-ED156E64AAF5}.Release|Any CPU.ActiveCfg = Release|Any CPU
		{4C8D90FE-6BFC-43B1-AF67-ED156E64AAF5}.Release|Any CPU.Build.0 = Release|Any CPU
		{2E43E878-AF2E-485E-A2C5-AF3DA8C9F749}.Debug|Any CPU.ActiveCfg = Debug|Any CPU
		{2E43E878-AF2E-485E-A2C5-AF3DA8C9F749}.Debug|Any CPU.Build.0 = Debug|Any CPU
		{2E43E878-AF2E-485E-A2C5-AF3DA8C9F749}.Release|Any CPU.ActiveCfg = Release|Any CPU
		{2E43E878-AF2E-485E-A2C5-AF3DA8C9F749}.Release|Any CPU.Build.0 = Release|Any CPU
		{679CF78E-0EB4-4BD5-A103-44589E3ACD6C}.Debug|Any CPU.ActiveCfg = Debug|Any CPU
		{679CF78E-0EB4-4BD5-A103-44589E3ACD6C}.Debug|Any CPU.Build.0 = Debug|Any CPU
		{679CF78E-0EB4-4BD5-A103-44589E3ACD6C}.Release|Any CPU.ActiveCfg = Release|Any CPU
		{679CF78E-0EB4-4BD5-A103-44589E3ACD6C}.Release|Any CPU.Build.0 = Release|Any CPU
	EndGlobalSection
	GlobalSection(SolutionProperties) = preSolution
		HideSolutionNode = FALSE
	EndGlobalSection
	GlobalSection(ExtensibilityGlobals) = postSolution
		SolutionGuid = {CFCD7996-2EB7-4569-96BB-4F5277E8B0A7}
	EndGlobalSection
EndGlobal
