
Microsoft Visual Studio Solution File, Format Version 12.00
# Visual Studio Version 16
VisualStudioVersion = 16.0.30523.141
MinimumVisualStudioVersion = 10.0.40219.1
Project("{FAE04EC0-301F-11D3-BF4B-00C04F79EFBC}") = "shlyapo", "shlyapo.csproj", "{8A7EBE82-33AB-49A1-AE2E-B4810EE7494D}"
EndProject
Project("{FAE04EC0-301F-11D3-BF4B-00C04F79EFBC}") = "Firma.Domain", "..\Firma\Firma.Domain.csproj", "{24A957C0-ADAA-4C6A-9A91-660008144753}"
EndProject
Project("{FAE04EC0-301F-11D3-BF4B-00C04F79EFBC}") = "Serializer", "..\Serializer\Serializer.csproj", "{C708BE8B-A5DF-4338-838F-4FC31D178D32}"
EndProject
Global
	GlobalSection(SolutionConfigurationPlatforms) = preSolution
		Debug|Any CPU = Debug|Any CPU
		Release|Any CPU = Release|Any CPU
	EndGlobalSection
	GlobalSection(ProjectConfigurationPlatforms) = postSolution
		{8A7EBE82-33AB-49A1-AE2E-B4810EE7494D}.Debug|Any CPU.ActiveCfg = Debug|Any CPU
		{8A7EBE82-33AB-49A1-AE2E-B4810EE7494D}.Debug|Any CPU.Build.0 = Debug|Any CPU
		{8A7EBE82-33AB-49A1-AE2E-B4810EE7494D}.Release|Any CPU.ActiveCfg = Release|Any CPU
		{8A7EBE82-33AB-49A1-AE2E-B4810EE7494D}.Release|Any CPU.Build.0 = Release|Any CPU
		{24A957C0-ADAA-4C6A-9A91-660008144753}.Debug|Any CPU.ActiveCfg = Debug|Any CPU
		{24A957C0-ADAA-4C6A-9A91-660008144753}.Debug|Any CPU.Build.0 = Debug|Any CPU
		{24A957C0-ADAA-4C6A-9A91-660008144753}.Release|Any CPU.ActiveCfg = Release|Any CPU
		{24A957C0-ADAA-4C6A-9A91-660008144753}.Release|Any CPU.Build.0 = Release|Any CPU
		{C708BE8B-A5DF-4338-838F-4FC31D178D32}.Debug|Any CPU.ActiveCfg = Debug|Any CPU
		{C708BE8B-A5DF-4338-838F-4FC31D178D32}.Debug|Any CPU.Build.0 = Debug|Any CPU
		{C708BE8B-A5DF-4338-838F-4FC31D178D32}.Release|Any CPU.ActiveCfg = Release|Any CPU
		{C708BE8B-A5DF-4338-838F-4FC31D178D32}.Release|Any CPU.Build.0 = Release|Any CPU
	EndGlobalSection
	GlobalSection(SolutionProperties) = preSolution
		HideSolutionNode = FALSE
	EndGlobalSection
	GlobalSection(ExtensibilityGlobals) = postSolution
		SolutionGuid = {F9BBCA9E-6855-451A-9B38-F274FEBE0099}
	EndGlobalSection
EndGlobal
